{
  "name": "assignment-1",
  "version": "1.0.0",
  "lockfileVersion": 1,
  "requires": true,
  "dependencies": {
    "crazy-quotes": {
      "version": "1.0.4",
      "resolved": "https://registry.npmjs.org/crazy-quotes/-/crazy-quotes-1.0.4.tgz",
      "integrity": "sha512-yoQR8aU0sLnxh0v24ffQNHGml0HG7n3VoVtGGNMN2vlVQT9IN5iCMJQktmD4V2cCvxAQt12nYdvVD3C4Jiyl5Q=="
    }
  }
}
